
Microsoft Visual Studio Solution File, Format Version 12.00
# Visual Studio Version 16
VisualStudioVersion = 16.0.31515.178
MinimumVisualStudioVersion = 10.0.40219.1
Project("{8BC9CEB8-8B4A-11D0-8D11-00A0C91BC942}") = "pf3_1", "pf3_1\pf3_1.vcxproj", "{FF7DC6F9-946F-4F92-A2EB-D9E3CEF5DEF4}"
EndProject
Global
	GlobalSection(SolutionConfigurationPlatforms) = preSolution
		Debug|x64 = Debug|x64
		Debug|x86 = Debug|x86
		Release|x64 = Release|x64
		Release|x86 = Release|x86
	EndGlobalSection
	GlobalSection(ProjectConfigurationPlatforms) = postSolution
		{FF7DC6F9-946F-4F92-A2EB-D9E3CEF5DEF4}.Debug|x64.ActiveCfg = Debug|x64
		{FF7DC6F9-946F-4F92-A2EB-D9E3CEF5DEF4}.Debug|x64.Build.0 = Debug|x64
		{FF7DC6F9-946F-4F92-A2EB-D9E3CEF5DEF4}.Debug|x86.ActiveCfg = Debug|Win32
		{FF7DC6F9-946F-4F92-A2EB-D9E3CEF5DEF4}.Debug|x86.Build.0 = Debug|Win32
		{FF7DC6F9-946F-4F92-A2EB-D9E3CEF5DEF4}.Release|x64.ActiveCfg = Release|x64
		{FF7DC6F9-946F-4F92-A2EB-D9E3CEF5DEF4}.Release|x64.Build.0 = Release|x64
		{FF7DC6F9-946F-4F92-A2EB-D9E3CEF5DEF4}.Release|x86.ActiveCfg = Release|Win32
		{FF7DC6F9-946F-4F92-A2EB-D9E3CEF5DEF4}.Release|x86.Build.0 = Release|Win32
	EndGlobalSection
	GlobalSection(SolutionProperties) = preSolution
		HideSolutionNode = FALSE
	EndGlobalSection
	GlobalSection(ExtensibilityGlobals) = postSolution
		SolutionGuid = {C6B3256B-1BB5-4592-A8AA-535B4C3744E4}
	EndGlobalSection
EndGlobal
